
Microsoft Visual Studio Solution File, Format Version 12.00
# Visual Studio Version 16
VisualStudioVersion = 16.0.30907.101
MinimumVisualStudioVersion = 10.0.40219.1
Project("{FAE04EC0-301F-11D3-BF4B-00C04F79EFBC}") = "Cep.UWP", "Cep\Cep.UWP\Cep.UWP.csproj", "{B0459691-C9DA-45E4-B036-DB2207D54A80}"
EndProject
Project("{FAE04EC0-301F-11D3-BF4B-00C04F79EFBC}") = "Cep.Android", "Cep\Cep.Android\Cep.Android.csproj", "{027CB755-FC05-496D-8132-10632869597D}"
EndProject
Project("{FAE04EC0-301F-11D3-BF4B-00C04F79EFBC}") = "Cep.iOS", "Cep\Cep.iOS\Cep.iOS.csproj", "{D9015388-B070-471D-BCD2-57AF91F3E871}"
EndProject
Project("{FAE04EC0-301F-11D3-BF4B-00C04F79EFBC}") = "Cep", "Cep\Cep\Cep.csproj", "{41F8E058-5561-465A-B80F-619F4BE35CDE}"
EndProject
Global
	GlobalSection(SolutionConfigurationPlatforms) = preSolution
		Debug|Any CPU = Debug|Any CPU
		Debug|ARM = Debug|ARM
		Debug|iPhone = Debug|iPhone
		Debug|iPhoneSimulator = Debug|iPhoneSimulator
		Debug|x64 = Debug|x64
		Debug|x86 = Debug|x86
		Release|Any CPU = Release|Any CPU
		Release|ARM = Release|ARM
		Release|iPhone = Release|iPhone
		Release|iPhoneSimulator = Release|iPhoneSimulator
		Release|x64 = Release|x64
		Release|x86 = Release|x86
	EndGlobalSection
	GlobalSection(ProjectConfigurationPlatforms) = postSolution
		{B0459691-C9DA-45E4-B036-DB2207D54A80}.Debug|Any CPU.ActiveCfg = Debug|x86
		{B0459691-C9DA-45E4-B036-DB2207D54A80}.Debug|Any CPU.Build.0 = Debug|x86
		{B0459691-C9DA-45E4-B036-DB2207D54A80}.Debug|Any CPU.Deploy.0 = Debug|x86
		{B0459691-C9DA-45E4-B036-DB2207D54A80}.Debug|ARM.ActiveCfg = Debug|ARM
		{B0459691-C9DA-45E4-B036-DB2207D54A80}.Debug|ARM.Build.0 = Debug|ARM
		{B0459691-C9DA-45E4-B036-DB2207D54A80}.Debug|ARM.Deploy.0 = Debug|ARM
		{B0459691-C9DA-45E4-B036-DB2207D54A80}.Debug|iPhone.ActiveCfg = Debug|x86
		{B0459691-C9DA-45E4-B036-DB2207D54A80}.Debug|iPhone.Build.0 = Debug|x86
		{B0459691-C9DA-45E4-B036-DB2207D54A80}.Debug|iPhone.Deploy.0 = Debug|x86
		{B0459691-C9DA-45E4-B036-DB2207D54A80}.Debug|iPhoneSimulator.ActiveCfg = Debug|x86
		{B0459691-C9DA-45E4-B036-DB2207D54A80}.Debug|iPhoneSimulator.Build.0 = Debug|x86
		{B0459691-C9DA-45E4-B036-DB2207D54A80}.Debug|iPhoneSimulator.Deploy.0 = Debug|x86
		{B0459691-C9DA-45E4-B036-DB2207D54A80}.Debug|x64.ActiveCfg = Debug|x64
		{B0459691-C9DA-45E4-B036-DB2207D54A80}.Debug|x64.Build.0 = Debug|x64
		{B0459691-C9DA-45E4-B036-DB2207D54A80}.Debug|x64.Deploy.0 = Debug|x64
		{B0459691-C9DA-45E4-B036-DB2207D54A80}.Debug|x86.ActiveCfg = Debug|x86
		{B0459691-C9DA-45E4-B036-DB2207D54A80}.Debug|x86.Build.0 = Debug|x86
		{B0459691-C9DA-45E4-B036-DB2207D54A80}.Debug|x86.Deploy.0 = Debug|x86
		{B0459691-C9DA-45E4-B036-DB2207D54A80}.Release|Any CPU.ActiveCfg = Release|x86
		{B0459691-C9DA-45E4-B036-DB2207D54A80}.Release|Any CPU.Build.0 = Release|x86
		{B0459691-C9DA-45E4-B036-DB2207D54A80}.Release|Any CPU.Deploy.0 = Release|x86
		{B0459691-C9DA-45E4-B036-DB2207D54A80}.Release|ARM.ActiveCfg = Release|ARM
		{B0459691-C9DA-45E4-B036-DB2207D54A80}.Release|ARM.Build.0 = Release|ARM
		{B0459691-C9DA-45E4-B036-DB2207D54A80}.Release|ARM.Deploy.0 = Release|ARM
		{B0459691-C9DA-45E4-B036-DB2207D54A80}.Release|iPhone.ActiveCfg = Release|x86
		{B0459691-C9DA-45E4-B036-DB2207D54A80}.Release|iPhone.Build.0 = Release|x86
		{B0459691-C9DA-45E4-B036-DB2207D54A80}.Release|iPhone.Deploy.0 = Release|x86
		{B0459691-C9DA-45E4-B036-DB2207D54A80}.Release|iPhoneSimulator.ActiveCfg = Release|x86
		{B0459691-C9DA-45E4-B036-DB2207D54A80}.Release|iPhoneSimulator.Build.0 = Release|x86
		{B0459691-C9DA-45E4-B036-DB2207D54A80}.Release|iPhoneSimulator.Deploy.0 = Release|x86
		{B0459691-C9DA-45E4-B036-DB2207D54A80}.Release|x64.ActiveCfg = Release|x64
		{B0459691-C9DA-45E4-B036-DB2207D54A80}.Release|x64.Build.0 = Release|x64
		{B0459691-C9DA-45E4-B036-DB2207D54A80}.Release|x64.Deploy.0 = Release|x64
		{B0459691-C9DA-45E4-B036-DB2207D54A80}.Release|x86.ActiveCfg = Release|x86
		{B0459691-C9DA-45E4-B036-DB2207D54A80}.Release|x86.Build.0 = Release|x86
		{B0459691-C9DA-45E4-B036-DB2207D54A80}.Release|x86.Deploy.0 = Release|x86
		{027CB755-FC05-496D-8132-10632869597D}.Debug|Any CPU.ActiveCfg = Debug|Any CPU
		{027CB755-FC05-496D-8132-10632869597D}.Debug|Any CPU.Build.0 = Debug|Any CPU
		{027CB755-FC05-496D-8132-10632869597D}.Debug|Any CPU.Deploy.0 = Debug|Any CPU
		{027CB755-FC05-496D-8132-10632869597D}.Debug|ARM.ActiveCfg = Debug|Any CPU
		{027CB755-FC05-496D-8132-10632869597D}.Debug|ARM.Build.0 = Debug|Any CPU
		{027CB755-FC05-496D-8132-10632869597D}.Debug|ARM.Deploy.0 = Debug|Any CPU
		{027CB755-FC05-496D-8132-10632869597D}.Debug|iPhone.ActiveCfg = Debug|Any CPU
		{027CB755-FC05-496D-8132-10632869597D}.Debug|iPhone.Build.0 = Debug|Any CPU
		{027CB755-FC05-496D-8132-10632869597D}.Debug|iPhone.Deploy.0 = Debug|Any CPU
		{027CB755-FC05-496D-8132-10632869597D}.Debug|iPhoneSimulator.ActiveCfg = Debug|Any CPU
		{027CB755-FC05-496D-8132-10632869597D}.Debug|iPhoneSimulator.Build.0 = Debug|Any CPU
		{027CB755-FC05-496D-8132-10632869597D}.Debug|iPhoneSimulator.Deploy.0 = Debug|Any CPU
		{027CB755-FC05-496D-8132-10632869597D}.Debug|x64.ActiveCfg = Debug|Any CPU
		{027CB755-FC05-496D-8132-10632869597D}.Debug|x64.Build.0 = Debug|Any CPU
		{027CB755-FC05-496D-8132-10632869597D}.Debug|x64.Deploy.0 = Debug|Any CPU
		{027CB755-FC05-496D-8132-10632869597D}.Debug|x86.ActiveCfg = Debug|Any CPU
		{027CB755-FC05-496D-8132-10632869597D}.Debug|x86.Build.0 = Debug|Any CPU
		{027CB755-FC05-496D-8132-10632869597D}.Debug|x86.Deploy.0 = Debug|Any CPU
		{027CB755-FC05-496D-8132-10632869597D}.Release|Any CPU.ActiveCfg = Release|Any CPU
		{027CB755-FC05-496D-8132-10632869597D}.Release|Any CPU.Build.0 = Release|Any CPU
		{027CB755-FC05-496D-8132-10632869597D}.Release|Any CPU.Deploy.0 = Release|Any CPU
		{027CB755-FC05-496D-8132-10632869597D}.Release|ARM.ActiveCfg = Release|Any CPU
		{027CB755-FC05-496D-8132-10632869597D}.Release|ARM.Build.0 = Release|Any CPU
		{027CB755-FC05-496D-8132-10632869597D}.Release|ARM.Deploy.0 = Release|Any CPU
		{027CB755-FC05-496D-8132-10632869597D}.Release|iPhone.ActiveCfg = Release|Any CPU
		{027CB755-FC05-496D-8132-10632869597D}.Release|iPhone.Build.0 = Release|Any CPU
		{027CB755-FC05-496D-8132-10632869597D}.Release|iPhone.Deploy.0 = Release|Any CPU
		{027CB755-FC05-496D-8132-10632869597D}.Release|iPhoneSimulator.ActiveCfg = Release|Any CPU
		{027CB755-FC05-496D-8132-10632869597D}.Release|iPhoneSimulator.Build.0 = Release|Any CPU
		{027CB755-FC05-496D-8132-10632869597D}.Release|iPhoneSimulator.Deploy.0 = Release|Any CPU
		{027CB755-FC05-496D-8132-10632869597D}.Release|x64.ActiveCfg = Release|Any CPU
		{027CB755-FC05-496D-8132-10632869597D}.Release|x64.Build.0 = Release|Any CPU
		{027CB755-FC05-496D-8132-10632869597D}.Release|x64.Deploy.0 = Release|Any CPU
		{027CB755-FC05-496D-8132-10632869597D}.Release|x86.ActiveCfg = Release|Any CPU
		{027CB755-FC05-496D-8132-10632869597D}.Release|x86.Build.0 = Release|Any CPU
		{027CB755-FC05-496D-8132-10632869597D}.Release|x86.Deploy.0 = Release|Any CPU
		{D9015388-B070-471D-BCD2-57AF91F3E871}.Debug|Any CPU.ActiveCfg = Debug|iPhoneSimulator
		{D9015388-B070-471D-BCD2-57AF91F3E871}.Debug|Any CPU.Build.0 = Debug|iPhoneSimulator
		{D9015388-B070-471D-BCD2-57AF91F3E871}.Debug|Any CPU.Deploy.0 = Debug|iPhoneSimulator
		{D9015388-B070-471D-BCD2-57AF91F3E871}.Debug|ARM.ActiveCfg = Debug|iPhone
		{D9015388-B070-471D-BCD2-57AF91F3E871}.Debug|ARM.Build.0 = Debug|iPhone
		{D9015388-B070-471D-BCD2-57AF91F3E871}.Debug|ARM.Deploy.0 = Debug|iPhone
		{D9015388-B070-471D-BCD2-57AF91F3E871}.Debug|iPhone.ActiveCfg = Debug|iPhone
		{D9015388-B070-471D-BCD2-57AF91F3E871}.Debug|iPhone.Build.0 = Debug|iPhone
		{D9015388-B070-471D-BCD2-57AF91F3E871}.Debug|iPhone.Deploy.0 = Debug|iPhone
		{D9015388-B070-471D-BCD2-57AF91F3E871}.Debug|iPhoneSimulator.ActiveCfg = Debug|iPhoneSimulator
		{D9015388-B070-471D-BCD2-57AF91F3E871}.Debug|iPhoneSimulator.Build.0 = Debug|iPhoneSimulator
		{D9015388-B070-471D-BCD2-57AF91F3E871}.Debug|iPhoneSimulator.Deploy.0 = Debug|iPhoneSimulator
		{D9015388-B070-471D-BCD2-57AF91F3E871}.Debug|x64.ActiveCfg = Debug|iPhoneSimulator
		{D9015388-B070-471D-BCD2-57AF91F3E871}.Debug|x64.Build.0 = Debug|iPhoneSimulator
		{D9015388-B070-471D-BCD2-57AF91F3E871}.Debug|x64.Deploy.0 = Debug|iPhoneSimulator
		{D9015388-B070-471D-BCD2-57AF91F3E871}.Debug|x86.ActiveCfg = Debug|iPhoneSimulator
		{D9015388-B070-471D-BCD2-57AF91F3E871}.Debug|x86.Build.0 = Debug|iPhoneSimulator
		{D9015388-B070-471D-BCD2-57AF91F3E871}.Debug|x86.Deploy.0 = Debug|iPhoneSimulator
		{D9015388-B070-471D-BCD2-57AF91F3E871}.Release|Any CPU.ActiveCfg = Release|iPhoneSimulator
		{D9015388-B070-471D-BCD2-57AF91F3E871}.Release|Any CPU.Build.0 = Release|iPhoneSimulator
		{D9015388-B070-471D-BCD2-57AF91F3E871}.Release|Any CPU.Deploy.0 = Release|iPhoneSimulator
		{D9015388-B070-471D-BCD2-57AF91F3E871}.Release|ARM.ActiveCfg = Release|iPhoneSimulator
		{D9015388-B070-471D-BCD2-57AF91F3E871}.Release|ARM.Build.0 = Release|iPhoneSimulator
		{D9015388-B070-471D-BCD2-57AF91F3E871}.Release|ARM.Deploy.0 = Release|iPhoneSimulator
		{D9015388-B070-471D-BCD2-57AF91F3E871}.Release|iPhone.ActiveCfg = Release|iPhone
		{D9015388-B070-471D-BCD2-57AF91F3E871}.Release|iPhone.Build.0 = Release|iPhone
		{D9015388-B070-471D-BCD2-57AF91F3E871}.Release|iPhone.Deploy.0 = Release|iPhone
		{D9015388-B070-471D-BCD2-57AF91F3E871}.Release|iPhoneSimulator.ActiveCfg = Release|iPhoneSimulator
		{D9015388-B070-471D-BCD2-57AF91F3E871}.Release|iPhoneSimulator.Build.0 = Release|iPhoneSimulator
		{D9015388-B070-471D-BCD2-57AF91F3E871}.Release|iPhoneSimulator.Deploy.0 = Release|iPhoneSimulator
		{D9015388-B070-471D-BCD2-57AF91F3E871}.Release|x64.ActiveCfg = Release|iPhoneSimulator
		{D9015388-B070-471D-BCD2-57AF91F3E871}.Release|x64.Build.0 = Release|iPhoneSimulator
		{D9015388-B070-471D-BCD2-57AF91F3E871}.Release|x64.Deploy.0 = Release|iPhoneSimulator
		{D9015388-B070-471D-BCD2-57AF91F3E871}.Release|x86.ActiveCfg = Release|iPhoneSimulator
		{D9015388-B070-471D-BCD2-57AF91F3E871}.Release|x86.Build.0 = Release|iPhoneSimulator
		{D9015388-B070-471D-BCD2-57AF91F3E871}.Release|x86.Deploy.0 = Release|iPhoneSimulator
		{41F8E058-5561-465A-B80F-619F4BE35CDE}.Debug|Any CPU.ActiveCfg = Debug|Any CPU
		{41F8E058-5561-465A-B80F-619F4BE35CDE}.Debug|Any CPU.Build.0 = Debug|Any CPU
		{41F8E058-5561-465A-B80F-619F4BE35CDE}.Debug|Any CPU.Deploy.0 = Debug|Any CPU
		{41F8E058-5561-465A-B80F-619F4BE35CDE}.Debug|ARM.ActiveCfg = Debug|Any CPU
		{41F8E058-5561-465A-B80F-619F4BE35CDE}.Debug|ARM.Build.0 = Debug|Any CPU
		{41F8E058-5561-465A-B80F-619F4BE35CDE}.Debug|ARM.Deploy.0 = Debug|Any CPU
		{41F8E058-5561-465A-B80F-619F4BE35CDE}.Debug|iPhone.ActiveCfg = Debug|Any CPU
		{41F8E058-5561-465A-B80F-619F4BE35CDE}.Debug|iPhone.Build.0 = Debug|Any CPU
		{41F8E058-5561-465A-B80F-619F4BE35CDE}.Debug|iPhone.Deploy.0 = Debug|Any CPU
		{41F8E058-5561-465A-B80F-619F4BE35CDE}.Debug|iPhoneSimulator.ActiveCfg = Debug|Any CPU
		{41F8E058-5561-465A-B80F-619F4BE35CDE}.Debug|iPhoneSimulator.Build.0 = Debug|Any CPU
		{41F8E058-5561-465A-B80F-619F4BE35CDE}.Debug|iPhoneSimulator.Deploy.0 = Debug|Any CPU
		{41F8E058-5561-465A-B80F-619F4BE35CDE}.Debug|x64.ActiveCfg = Debug|Any CPU
		{41F8E058-5561-465A-B80F-619F4BE35CDE}.Debug|x64.Build.0 = Debug|Any CPU
		{41F8E058-5561-465A-B80F-619F4BE35CDE}.Debug|x64.Deploy.0 = Debug|Any CPU
		{41F8E058-5561-465A-B80F-619F4BE35CDE}.Debug|x86.ActiveCfg = Debug|Any CPU
		{41F8E058-5561-465A-B80F-619F4BE35CDE}.Debug|x86.Build.0 = Debug|Any CPU
		{41F8E058-5561-465A-B80F-619F4BE35CDE}.Debug|x86.Deploy.0 = Debug|Any CPU
		{41F8E058-5561-465A-B80F-619F4BE35CDE}.Release|Any CPU.ActiveCfg = Release|Any CPU
		{41F8E058-5561-465A-B80F-619F4BE35CDE}.Release|Any CPU.Build.0 = Release|Any CPU
		{41F8E058-5561-465A-B80F-619F4BE35CDE}.Release|Any CPU.Deploy.0 = Release|Any CPU
		{41F8E058-5561-465A-B80F-619F4BE35CDE}.Release|ARM.ActiveCfg = Release|Any CPU
		{41F8E058-5561-465A-B80F-619F4BE35CDE}.Release|ARM.Build.0 = Release|Any CPU
		{41F8E058-5561-465A-B80F-619F4BE35CDE}.Release|ARM.Deploy.0 = Release|Any CPU
		{41F8E058-5561-465A-B80F-619F4BE35CDE}.Release|iPhone.ActiveCfg = Release|Any CPU
		{41F8E058-5561-465A-B80F-619F4BE35CDE}.Release|iPhone.Build.0 = Release|Any CPU
		{41F8E058-5561-465A-B80F-619F4BE35CDE}.Release|iPhone.Deploy.0 = Release|Any CPU
		{41F8E058-5561-465A-B80F-619F4BE35CDE}.Release|iPhoneSimulator.ActiveCfg = Release|Any CPU
		{41F8E058-5561-465A-B80F-619F4BE35CDE}.Release|iPhoneSimulator.Build.0 = Release|Any CPU
		{41F8E058-5561-465A-B80F-619F4BE35CDE}.Release|iPhoneSimulator.Deploy.0 = Release|Any CPU
		{41F8E058-5561-465A-B80F-619F4BE35CDE}.Release|x64.ActiveCfg = Release|Any CPU
		{41F8E058-5561-465A-B80F-619F4BE35CDE}.Release|x64.Build.0 = Release|Any CPU
		{41F8E058-5561-465A-B80F-619F4BE35CDE}.Release|x64.Deploy.0 = Release|Any CPU
		{41F8E058-5561-465A-B80F-619F4BE35CDE}.Release|x86.ActiveCfg = Release|Any CPU
		{41F8E058-5561-465A-B80F-619F4BE35CDE}.Release|x86.Build.0 = Release|Any CPU
		{41F8E058-5561-465A-B80F-619F4BE35CDE}.Release|x86.Deploy.0 = Release|Any CPU
	EndGlobalSection
	GlobalSection(SolutionProperties) = preSolution
		HideSolutionNode = FALSE
	EndGlobalSection
	GlobalSection(ExtensibilityGlobals) = postSolution
		SolutionGuid = {105523DA-7E0C-4BE6-9FB4-DEF752407E77}
	EndGlobalSection
EndGlobal
